
Microsoft Visual Studio Solution File, Format Version 12.00
# Visual Studio Version 16
VisualStudioVersion = 16.0.30225.117
MinimumVisualStudioVersion = 10.0.40219.1
Project("{2150E333-8FDC-42A3-9474-1A3956D46DE8}") = "src", "src", "{E3FF66BC-8EFA-44C2-88A3-6330B712758D}"
EndProject
Project("{9A19103F-16F7-4668-BE54-9A1E7A4F7556}") = "API", "API\API.csproj", "{89AA9E37-AEF9-436F-8336-D8A8163F16B9}"
EndProject
Project("{9A19103F-16F7-4668-BE54-9A1E7A4F7556}") = "Domain", "Domain\Domain.csproj", "{F7A9BD12-5AA6-40E7-B499-9015D37EAF8B}"
EndProject
Project("{9A19103F-16F7-4668-BE54-9A1E7A4F7556}") = "Infra", "Infra\Infra.csproj", "{056AC8B0-BE75-4A9A-ADE5-8BF9D4462F7A}"
EndProject
Project("{9A19103F-16F7-4668-BE54-9A1E7A4F7556}") = "Service", "Service\Service.csproj", "{F1353F8B-FBD7-4499-B8F3-2E232EC38045}"
EndProject
Global
	GlobalSection(SolutionConfigurationPlatforms) = preSolution
		Debug|Any CPU = Debug|Any CPU
		Release|Any CPU = Release|Any CPU
	EndGlobalSection
	GlobalSection(ProjectConfigurationPlatforms) = postSolution
		{89AA9E37-AEF9-436F-8336-D8A8163F16B9}.Debug|Any CPU.ActiveCfg = Debug|Any CPU
		{89AA9E37-AEF9-436F-8336-D8A8163F16B9}.Debug|Any CPU.Build.0 = Debug|Any CPU
		{89AA9E37-AEF9-436F-8336-D8A8163F16B9}.Release|Any CPU.ActiveCfg = Release|Any CPU
		{89AA9E37-AEF9-436F-8336-D8A8163F16B9}.Release|Any CPU.Build.0 = Release|Any CPU
		{F7A9BD12-5AA6-40E7-B499-9015D37EAF8B}.Debug|Any CPU.ActiveCfg = Debug|Any CPU
		{F7A9BD12-5AA6-40E7-B499-9015D37EAF8B}.Debug|Any CPU.Build.0 = Debug|Any CPU
		{F7A9BD12-5AA6-40E7-B499-9015D37EAF8B}.Release|Any CPU.ActiveCfg = Release|Any CPU
		{F7A9BD12-5AA6-40E7-B499-9015D37EAF8B}.Release|Any CPU.Build.0 = Release|Any CPU
		{056AC8B0-BE75-4A9A-ADE5-8BF9D4462F7A}.Debug|Any CPU.ActiveCfg = Debug|Any CPU
		{056AC8B0-BE75-4A9A-ADE5-8BF9D4462F7A}.Debug|Any CPU.Build.0 = Debug|Any CPU
		{056AC8B0-BE75-4A9A-ADE5-8BF9D4462F7A}.Release|Any CPU.ActiveCfg = Release|Any CPU
		{056AC8B0-BE75-4A9A-ADE5-8BF9D4462F7A}.Release|Any CPU.Build.0 = Release|Any CPU
		{F1353F8B-FBD7-4499-B8F3-2E232EC38045}.Debug|Any CPU.ActiveCfg = Debug|Any CPU
		{F1353F8B-FBD7-4499-B8F3-2E232EC38045}.Debug|Any CPU.Build.0 = Debug|Any CPU
		{F1353F8B-FBD7-4499-B8F3-2E232EC38045}.Release|Any CPU.ActiveCfg = Release|Any CPU
		{F1353F8B-FBD7-4499-B8F3-2E232EC38045}.Release|Any CPU.Build.0 = Release|Any CPU
	EndGlobalSection
	GlobalSection(SolutionProperties) = preSolution
		HideSolutionNode = FALSE
	EndGlobalSection
	GlobalSection(NestedProjects) = preSolution
		{89AA9E37-AEF9-436F-8336-D8A8163F16B9} = {E3FF66BC-8EFA-44C2-88A3-6330B712758D}
		{F7A9BD12-5AA6-40E7-B499-9015D37EAF8B} = {E3FF66BC-8EFA-44C2-88A3-6330B712758D}
		{056AC8B0-BE75-4A9A-ADE5-8BF9D4462F7A} = {E3FF66BC-8EFA-44C2-88A3-6330B712758D}
		{F1353F8B-FBD7-4499-B8F3-2E232EC38045} = {E3FF66BC-8EFA-44C2-88A3-6330B712758D}
	EndGlobalSection
	GlobalSection(ExtensibilityGlobals) = postSolution
		SolutionGuid = {44174D9F-034A-4CC2-848D-15F9BBC495C9}
	EndGlobalSection
EndGlobal
